{
  "requires": true,
  "lockfileVersion": 1,
  "dependencies": {
    "xlh-micro-web": {
      "version": "1.0.0",
      "resolved": "https://registry.npmjs.org/xlh-micro-web/-/xlh-micro-web-1.0.0.tgz",
      "integrity": "sha512-vHRBSd9fUaqUoqvEe2ET4uT/S3St76HgN22QAKV7uuiyjOQm0APjl5uwIwEClV27AuFJ+hYUnxtyuem+lj2JEA=="
    }
  }
}
